
Microsoft Visual Studio Solution File, Format Version 12.00
# Visual Studio Version 17
VisualStudioVersion = 17.4.33110.190
MinimumVisualStudioVersion = 10.0.40219.1
Project("{FAE04EC0-301F-11D3-BF4B-00C04F79EFBC}") = "Circus", "Circus\Circus.csproj", "{1B0D31DF-0421-4F0F-A522-04FA9A2860DA}"
EndProject
Project("{FAE04EC0-301F-11D3-BF4B-00C04F79EFBC}") = "Circus1", "Circus1\Circus1.csproj", "{DC2E819F-1156-4FF5-8EBF-A82CCA1FE83C}"
EndProject
Global
	GlobalSection(SolutionConfigurationPlatforms) = preSolution
		Debug|Any CPU = Debug|Any CPU
		Release|Any CPU = Release|Any CPU
	EndGlobalSection
	GlobalSection(ProjectConfigurationPlatforms) = postSolution
		{1B0D31DF-0421-4F0F-A522-04FA9A2860DA}.Debug|Any CPU.ActiveCfg = Debug|Any CPU
		{1B0D31DF-0421-4F0F-A522-04FA9A2860DA}.Debug|Any CPU.Build.0 = Debug|Any CPU
		{1B0D31DF-0421-4F0F-A522-04FA9A2860DA}.Release|Any CPU.ActiveCfg = Release|Any CPU
		{1B0D31DF-0421-4F0F-A522-04FA9A2860DA}.Release|Any CPU.Build.0 = Release|Any CPU
		{DC2E819F-1156-4FF5-8EBF-A82CCA1FE83C}.Debug|Any CPU.ActiveCfg = Debug|Any CPU
		{DC2E819F-1156-4FF5-8EBF-A82CCA1FE83C}.Debug|Any CPU.Build.0 = Debug|Any CPU
		{DC2E819F-1156-4FF5-8EBF-A82CCA1FE83C}.Release|Any CPU.ActiveCfg = Release|Any CPU
		{DC2E819F-1156-4FF5-8EBF-A82CCA1FE83C}.Release|Any CPU.Build.0 = Release|Any CPU
	EndGlobalSection
	GlobalSection(SolutionProperties) = preSolution
		HideSolutionNode = FALSE
	EndGlobalSection
	GlobalSection(ExtensibilityGlobals) = postSolution
		SolutionGuid = {FEF89873-2F82-4A24-8E2F-59A796D0913F}
	EndGlobalSection
EndGlobal
